// !$*UTF8*$!
{
	archiveVersion = 1;
	classes = {
	};
	objectVersion = 77;
	objects = {

/* Begin PBXBuildFile section */
		06F980D52C3CA823CFE253D7 /* ToggleTopUpIntent.swift in Sources */ = {isa = PBXBuildFile; fileRef = 0F345B1AEF42CA935A018CC0 /* ToggleTopUpIntent.swift */; };
		2536C146A0F597799CB2EA12 /* StasisWidgets.appex in Embed App Extensions */ = {isa = PBXBuildFile; fileRef = E745C06FFDDB3C2921608841 /* StasisWidgets.appex */; settings = {ATTRIBUTES = (RemoveHeadersOnCopy, ); }; };
		284218D2AA2D0B85FB96F044 /* Cocoa.framework in Frameworks */ = {isa = PBXBuildFile; fileRef = 0108D8B15E447D46671D426F /* Cocoa.framework */; };
		2C816407495870DDD186633F /* Foundation.framework in Frameworks */ = {isa = PBXBuildFile; fileRef = 21A79EE1AC5AA13B90F7AA0A /* Foundation.framework */; };
		541A7F2C7A4B6D796D15389D /* StasisWidgetsBundle.swift in Sources */ = {isa = PBXBuildFile; fileRef = 1FB628545B8B9D748ABB0577 /* StasisWidgetsBundle.swift */; };
		5E9C1D938347D78227B1ECC4 /* ToggleSailingModeIntent.swift in Sources */ = {isa = PBXBuildFile; fileRef = F99D2FA2F464CB390128FA52 /* ToggleSailingModeIntent.swift */; };
		89DAF1C7280F554AA14B728F /* GetBatteryStatusIntent.swift in Sources */ = {isa = PBXBuildFile; fileRef = B388511F3D9F789874C0EB07 /* GetBatteryStatusIntent.swift */; };
		8E4273446317CF0024F87CEE /* DefaultsKeys.swift in Sources */ = {isa = PBXBuildFile; fileRef = C285BD3E05BD94A263FB87C8 /* DefaultsKeys.swift */; };
		95CD1EEDF8472ED3EFB46373 /* BatteryMetrics.swift in Sources */ = {isa = PBXBuildFile; fileRef = B34494C8924E9E33E69FC9BF /* BatteryMetrics.swift */; };
		9798846635F9B724C0D55FAD /* PercentageFormatter.swift in Sources */ = {isa = PBXBuildFile; fileRef = 8FE5AA906A0FC7642140A2D9 /* PercentageFormatter.swift */; };
		979FAF28D04193F679A98304 /* StasisWidgetProvider.swift in Sources */ = {isa = PBXBuildFile; fileRef = 037CBDD1E7C2450509B7B0DD /* StasisWidgetProvider.swift */; };
		A3D1BFAC11E3F5C15E65B614 /* BatteryStatusWidget.swift in Sources */ = {isa = PBXBuildFile; fileRef = E7921FDF3ED9D1AA7BDEAD0F /* BatteryStatusWidget.swift */; };
		A6638F812F1C0FD60047FA8E /* Defaults in Frameworks */ = {isa = PBXBuildFile; productRef = A6638F802F1C0FD60047FA8E /* Defaults */; };
		A66D62D92F44069300B996E7 /* smc_power.framework in Frameworks */ = {isa = PBXBuildFile; fileRef = A66D62CE2F44067C00B996E7 /* smc_power.framework */; };
		A66D62DD2F44069900B996E7 /* smc_power.framework in Frameworks */ = {isa = PBXBuildFile; fileRef = A66D62CE2F44067C00B996E7 /* smc_power.framework */; };
		A66D62E22F44076F00B996E7 /* SMCKit in Frameworks */ = {isa = PBXBuildFile; productRef = A66D62E12F44076F00B996E7 /* SMCKit */; };
		A68B3E292F19ABCB00F115E4 /* helper.xpc in Embed XPC Services */ = {isa = PBXBuildFile; fileRef = A68B3E1E2F19ABCB00F115E4 /* helper.xpc */; settings = {ATTRIBUTES = (RemoveHeadersOnCopy, ); }; };
		A6AE19892F480D41003B09FA /* smc_power.framework in Frameworks */ = {isa = PBXBuildFile; fileRef = A66D62CE2F44067C00B996E7 /* smc_power.framework */; };
		A6AE198A2F480D41003B09FA /* smc_power.framework in Embed Frameworks */ = {isa = PBXBuildFile; fileRef = A66D62CE2F44067C00B996E7 /* smc_power.framework */; settings = {ATTRIBUTES = (CodeSignOnCopy, RemoveHeadersOnCopy, ); }; };
		A6E6D7322F3A00000069CF9F /* com.dinanathdash.stasis.charging-helper in Copy Helper Tools */ = {isa = PBXBuildFile; fileRef = A6E6D71E2F39DD350069CF9F /* com.dinanathdash.stasis.charging-helper */; settings = {ATTRIBUTES = (CodeSignOnCopy, ); }; };
		A753C600B37DBF37173AB536 /* WidgetKit.framework in Frameworks */ = {isa = PBXBuildFile; fileRef = 6B70DF00D0A4512323410473 /* WidgetKit.framework */; };
		B05B37B3A2BA5FE5671EC149 /* ChargingMode.swift in Sources */ = {isa = PBXBuildFile; fileRef = 8AA8AAD624458CB3FED76B4E /* ChargingMode.swift */; };
		B1450E221FD6458750534835 /* PowerSankeyView.swift in Sources */ = {isa = PBXBuildFile; fileRef = D94772A5BDA18243CADB1C57 /* PowerSankeyView.swift */; };
		B383FAFDBFA3E5C820E07925 /* AppKit.framework in Frameworks */ = {isa = PBXBuildFile; fileRef = ED8922E693EE3566EC460042 /* AppKit.framework */; };
		B91212E66C4C701D009F04F7 /* AppDelegateStub.swift in Sources */ = {isa = PBXBuildFile; fileRef = ABC6C5DCE555E5672BBBBD21 /* AppDelegateStub.swift */; };
		C8EC10B032835FCE373F09C0 /* PowerSankeyWidget.swift in Sources */ = {isa = PBXBuildFile; fileRef = 8BB6C94A68EA753EBFCFAFA6 /* PowerSankeyWidget.swift */; };
		CA1E46B7B443A391CEADDC3F /* SetChargeLimitIntent.swift in Sources */ = {isa = PBXBuildFile; fileRef = EB17D917042FD18D94EDF6E6 /* SetChargeLimitIntent.swift */; };
		D2544446301B7E5F002CFCBE /* Defaults in Frameworks */ = {isa = PBXBuildFile; productRef = A6638F802F1C0FD60047FA8E /* Defaults */; };
		D8605D2B2A7CDEB3C20F4736 /* AppIntents.framework in Frameworks */ = {isa = PBXBuildFile; fileRef = 4076A738FB5EF065316FFB54 /* AppIntents.framework */; };
		DC38B2D45D5321C4D6226B6B /* PowerValueFormatter.swift in Sources */ = {isa = PBXBuildFile; fileRef = 3649CD880BA38818012E8D08 /* PowerValueFormatter.swift */; };
		E51E5389E375FC1F6E7184A4 /* BatteryIndicatorView.swift in Sources */ = {isa = PBXBuildFile; fileRef = 4B8A5FEA7ACD9C697176636C /* BatteryIndicatorView.swift */; };
		E848EAF049F1CF475276533E /* Sparkle in Frameworks */ = {isa = PBXBuildFile; productRef = F195F982B58740F53BD3914B /* Sparkle */; };
		EBC6CDA09066E29463BC8155 /* PowerSource.swift in Sources */ = {isa = PBXBuildFile; fileRef = 6C940BAF946D438A68EB4AE8 /* PowerSource.swift */; };
		FABB180C892DF932BA7AF195 /* WidgetStatusData.swift in Sources */ = {isa = PBXBuildFile; fileRef = F4090E1F7AB451C1D2A435FA /* WidgetStatusData.swift */; };
		FDF6C939ABC24BBF6C04CF73 /* SwiftUI.framework in Frameworks */ = {isa = PBXBuildFile; fileRef = 7FE7636E2BC9BA719E2DB36E /* SwiftUI.framework */; };
/* End PBXBuildFile section */

/* Begin PBXContainerItemProxy section */
		A66D62DB2F44069300B996E7 /* PBXContainerItemProxy */ = {
			isa = PBXContainerItemProxy;
			containerPortal = A68B3E042F19AB4B00F115E4 /* Project object */;
			proxyType = 1;
			remoteGlobalIDString = A66D62CD2F44067C00B996E7;
			remoteInfo = "smc-profiles";
		};
		A66D62DF2F44069900B996E7 /* PBXContainerItemProxy */ = {
			isa = PBXContainerItemProxy;
			containerPortal = A68B3E042F19AB4B00F115E4 /* Project object */;
			proxyType = 1;
			remoteGlobalIDString = A66D62CD2F44067C00B996E7;
			remoteInfo = "smc-profiles";
		};
		A68B3E272F19ABCB00F115E4 /* PBXContainerItemProxy */ = {
			isa = PBXContainerItemProxy;
			containerPortal = A68B3E042F19AB4B00F115E4 /* Project object */;
			proxyType = 1;
			remoteGlobalIDString = A68B3E1D2F19ABCB00F115E4;
			remoteInfo = helper;
		};
		A6AE198B2F480D41003B09FA /* PBXContainerItemProxy */ = {
			isa = PBXContainerItemProxy;
			containerPortal = A68B3E042F19AB4B00F115E4 /* Project object */;
			proxyType = 1;
			remoteGlobalIDString = A66D62CD2F44067C00B996E7;
			remoteInfo = "smc-power";
		};
		A6E6D7302F3A00000069CF9F /* PBXContainerItemProxy */ = {
			isa = PBXContainerItemProxy;
			containerPortal = A68B3E042F19AB4B00F115E4 /* Project object */;
			proxyType = 1;
			remoteGlobalIDString = A6E6D71D2F39DD350069CF9F;
			remoteInfo = "charging-helper";
		};
		FEE579C580616A77DCE78823 /* PBXContainerItemProxy */ = {
			isa = PBXContainerItemProxy;
			containerPortal = A68B3E042F19AB4B00F115E4 /* Project object */;
			proxyType = 1;
			remoteGlobalIDString = 470E04E865F208042D6ED0DC;
			remoteInfo = StasisWidgets;
		};
/* End PBXContainerItemProxy section */

/* Begin PBXCopyFilesBuildPhase section */
		A68B3E2E2F19ABCB00F115E4 /* Embed XPC Services */ = {
			isa = PBXCopyFilesBuildPhase;
			buildActionMask = 2147483647;
			dstPath = "$(CONTENTS_FOLDER_PATH)/XPCServices";
			dstSubfolderSpec = 16;
			files = (
				A68B3E292F19ABCB00F115E4 /* helper.xpc in Embed XPC Services */,
			);
			name = "Embed XPC Services";
			runOnlyForDeploymentPostprocessing = 0;
		};
		A6AE198D2F480D41003B09FA /* Embed Frameworks */ = {
			isa = PBXCopyFilesBuildPhase;
			buildActionMask = 2147483647;
			dstPath = "";
			dstSubfolderSpec = 10;
			files = (
				A6AE198A2F480D41003B09FA /* smc_power.framework in Embed Frameworks */,
			);
			name = "Embed Frameworks";
			runOnlyForDeploymentPostprocessing = 0;
		};
		A6E6D7332F3A00000069CF9F /* Copy Helper Tools */ = {
			isa = PBXCopyFilesBuildPhase;
			buildActionMask = 2147483647;
			dstPath = Contents/Library/LaunchServices;
			dstSubfolderSpec = 1;
			files = (
				A6E6D7322F3A00000069CF9F /* com.dinanathdash.stasis.charging-helper in Copy Helper Tools */,
			);
			name = "Copy Helper Tools";
			runOnlyForDeploymentPostprocessing = 0;
		};
		F757C228143A379F4B09BEAE /* Embed App Extensions */ = {
			isa = PBXCopyFilesBuildPhase;
			buildActionMask = 2147483647;
			dstPath = "";
			dstSubfolderSpec = 13;
			files = (
				2536C146A0F597799CB2EA12 /* StasisWidgets.appex in Embed App Extensions */,
			);
			name = "Embed App Extensions";
			runOnlyForDeploymentPostprocessing = 0;
		};
/* End PBXCopyFilesBuildPhase section */

/* Begin PBXFileReference section */
		0108D8B15E447D46671D426F /* Cocoa.framework */ = {isa = PBXFileReference; lastKnownFileType = wrapper.framework; name = Cocoa.framework; path = Platforms/MacOSX.platform/Developer/SDKs/MacOSX15.0.sdk/System/Library/Frameworks/Cocoa.framework; sourceTree = DEVELOPER_DIR; };
		037CBDD1E7C2450509B7B0DD /* StasisWidgetProvider.swift */ = {isa = PBXFileReference; includeInIndex = 1; lastKnownFileType = sourcecode.swift; name = StasisWidgetProvider.swift; path = StasisWidgets/StasisWidgetProvider.swift; sourceTree = "<group>"; };
		0F345B1AEF42CA935A018CC0 /* ToggleTopUpIntent.swift */ = {isa = PBXFileReference; includeInIndex = 1; lastKnownFileType = sourcecode.swift; name = ToggleTopUpIntent.swift; path = Stasis/Intents/ToggleTopUpIntent.swift; sourceTree = "<group>"; };
		1FB628545B8B9D748ABB0577 /* StasisWidgetsBundle.swift */ = {isa = PBXFileReference; includeInIndex = 1; lastKnownFileType = sourcecode.swift; name = StasisWidgetsBundle.swift; path = StasisWidgets/StasisWidgetsBundle.swift; sourceTree = "<group>"; };
		21A79EE1AC5AA13B90F7AA0A /* Foundation.framework */ = {isa = PBXFileReference; lastKnownFileType = wrapper.framework; name = Foundation.framework; path = Platforms/MacOSX.platform/Developer/SDKs/MacOSX15.0.sdk/System/Library/Frameworks/Foundation.framework; sourceTree = DEVELOPER_DIR; };
		3649CD880BA38818012E8D08 /* PowerValueFormatter.swift */ = {isa = PBXFileReference; includeInIndex = 1; lastKnownFileType = sourcecode.swift; name = PowerValueFormatter.swift; path = Stasis/Models/PowerValueFormatter.swift; sourceTree = "<group>"; };
		4076A738FB5EF065316FFB54 /* AppIntents.framework */ = {isa = PBXFileReference; lastKnownFileType = wrapper.framework; name = AppIntents.framework; path = Platforms/MacOSX.platform/Developer/SDKs/MacOSX15.0.sdk/System/Library/Frameworks/AppIntents.framework; sourceTree = DEVELOPER_DIR; };
		42067C73F0CFFE5662DD1B01 /* StasisWidgets.appex */ = {isa = PBXFileReference; explicitFileType = "wrapper.app-extension"; includeInIndex = 0; path = StasisWidgets.appex; sourceTree = BUILT_PRODUCTS_DIR; };
		4B8A5FEA7ACD9C697176636C /* BatteryIndicatorView.swift */ = {isa = PBXFileReference; includeInIndex = 1; lastKnownFileType = sourcecode.swift; name = BatteryIndicatorView.swift; path = Stasis/Views/BatteryIndicatorView.swift; sourceTree = "<group>"; };
		6B70DF00D0A4512323410473 /* WidgetKit.framework */ = {isa = PBXFileReference; lastKnownFileType = wrapper.framework; name = WidgetKit.framework; path = Platforms/MacOSX.platform/Developer/SDKs/MacOSX15.0.sdk/System/Library/Frameworks/WidgetKit.framework; sourceTree = DEVELOPER_DIR; };
		6C940BAF946D438A68EB4AE8 /* PowerSource.swift */ = {isa = PBXFileReference; includeInIndex = 1; lastKnownFileType = sourcecode.swift; name = PowerSource.swift; path = Stasis/Models/PowerSource.swift; sourceTree = "<group>"; };
		7FE7636E2BC9BA719E2DB36E /* SwiftUI.framework */ = {isa = PBXFileReference; lastKnownFileType = wrapper.framework; name = SwiftUI.framework; path = Platforms/MacOSX.platform/Developer/SDKs/MacOSX15.0.sdk/System/Library/Frameworks/SwiftUI.framework; sourceTree = DEVELOPER_DIR; };
		8AA8AAD624458CB3FED76B4E /* ChargingMode.swift */ = {isa = PBXFileReference; includeInIndex = 1; lastKnownFileType = sourcecode.swift; name = ChargingMode.swift; path = Stasis/Models/ChargingMode.swift; sourceTree = "<group>"; };
		8BB6C94A68EA753EBFCFAFA6 /* PowerSankeyWidget.swift */ = {isa = PBXFileReference; includeInIndex = 1; lastKnownFileType = sourcecode.swift; name = PowerSankeyWidget.swift; path = StasisWidgets/PowerSankeyWidget.swift; sourceTree = "<group>"; };
		8FE5AA906A0FC7642140A2D9 /* PercentageFormatter.swift */ = {isa = PBXFileReference; includeInIndex = 1; lastKnownFileType = sourcecode.swift; name = PercentageFormatter.swift; path = Stasis/Models/PercentageFormatter.swift; sourceTree = "<group>"; };
		A66D62CE2F44067C00B996E7 /* smc_power.framework */ = {isa = PBXFileReference; explicitFileType = wrapper.framework; includeInIndex = 0; path = smc_power.framework; sourceTree = BUILT_PRODUCTS_DIR; };
		A67470412FA4F4EA00925FF2 /* README.md */ = {isa = PBXFileReference; lastKnownFileType = net.daringfireball.markdown; path = README.md; sourceTree = "<group>"; };
		A68B3E0C2F19AB4B00F115E4 /* Stasis.app */ = {isa = PBXFileReference; explicitFileType = wrapper.application; includeInIndex = 0; path = Stasis.app; sourceTree = BUILT_PRODUCTS_DIR; };
		A68B3E1E2F19ABCB00F115E4 /* helper.xpc */ = {isa = PBXFileReference; explicitFileType = "wrapper.xpc-service"; includeInIndex = 0; path = helper.xpc; sourceTree = BUILT_PRODUCTS_DIR; };
		A6E6D71E2F39DD350069CF9F /* com.dinanathdash.stasis.charging-helper */ = {isa = PBXFileReference; explicitFileType = "compiled.mach-o.executable"; includeInIndex = 0; path = "com.dinanathdash.stasis.charging-helper"; sourceTree = BUILT_PRODUCTS_DIR; };
		ABC6C5DCE555E5672BBBBD21 /* AppDelegateStub.swift */ = {isa = PBXFileReference; includeInIndex = 1; lastKnownFileType = sourcecode.swift; name = AppDelegateStub.swift; path = StasisWidgets/AppDelegateStub.swift; sourceTree = "<group>"; };
		B0D3722E10FE862C56FF700D /* StasisWidgets.appex */ = {isa = PBXFileReference; explicitFileType = "wrapper.app-extension"; includeInIndex = 0; path = StasisWidgets.appex; sourceTree = BUILT_PRODUCTS_DIR; };
		B34494C8924E9E33E69FC9BF /* BatteryMetrics.swift */ = {isa = PBXFileReference; includeInIndex = 1; lastKnownFileType = sourcecode.swift; name = BatteryMetrics.swift; path = Stasis/Models/BatteryMetrics.swift; sourceTree = "<group>"; };
		B388511F3D9F789874C0EB07 /* GetBatteryStatusIntent.swift */ = {isa = PBXFileReference; includeInIndex = 1; lastKnownFileType = sourcecode.swift; name = GetBatteryStatusIntent.swift; path = Stasis/Intents/GetBatteryStatusIntent.swift; sourceTree = "<group>"; };
		C285BD3E05BD94A263FB87C8 /* DefaultsKeys.swift */ = {isa = PBXFileReference; includeInIndex = 1; lastKnownFileType = sourcecode.swift; name = DefaultsKeys.swift; path = Stasis/DefaultsKeys.swift; sourceTree = "<group>"; };
		D94772A5BDA18243CADB1C57 /* PowerSankeyView.swift */ = {isa = PBXFileReference; includeInIndex = 1; lastKnownFileType = sourcecode.swift; name = PowerSankeyView.swift; path = Stasis/Views/PowerSankeyView.swift; sourceTree = "<group>"; };
		DE1F0B17AD11866924DCAE59 /* StasisWidgets.appex */ = {isa = PBXFileReference; explicitFileType = "wrapper.app-extension"; includeInIndex = 0; path = StasisWidgets.appex; sourceTree = BUILT_PRODUCTS_DIR; };
		E745C06FFDDB3C2921608841 /* StasisWidgets.appex */ = {isa = PBXFileReference; explicitFileType = "wrapper.app-extension"; includeInIndex = 0; path = StasisWidgets.appex; sourceTree = BUILT_PRODUCTS_DIR; };
		E7921FDF3ED9D1AA7BDEAD0F /* BatteryStatusWidget.swift */ = {isa = PBXFileReference; includeInIndex = 1; lastKnownFileType = sourcecode.swift; name = BatteryStatusWidget.swift; path = StasisWidgets/BatteryStatusWidget.swift; sourceTree = "<group>"; };
		EB17D917042FD18D94EDF6E6 /* SetChargeLimitIntent.swift */ = {isa = PBXFileReference; includeInIndex = 1; lastKnownFileType = sourcecode.swift; name = SetChargeLimitIntent.swift; path = Stasis/Intents/SetChargeLimitIntent.swift; sourceTree = "<group>"; };
		ED8922E693EE3566EC460042 /* AppKit.framework */ = {isa = PBXFileReference; lastKnownFileType = wrapper.framework; name = AppKit.framework; path = Platforms/MacOSX.platform/Developer/SDKs/MacOSX15.0.sdk/System/Library/Frameworks/AppKit.framework; sourceTree = DEVELOPER_DIR; };
		F4090E1F7AB451C1D2A435FA /* WidgetStatusData.swift */ = {isa = PBXFileReference; includeInIndex = 1; lastKnownFileType = sourcecode.swift; name = WidgetStatusData.swift; path = Stasis/Models/WidgetStatusData.swift; sourceTree = "<group>"; };
		F99D2FA2F464CB390128FA52 /* ToggleSailingModeIntent.swift */ = {isa = PBXFileReference; includeInIndex = 1; lastKnownFileType = sourcecode.swift; name = ToggleSailingModeIntent.swift; path = Stasis/Intents/ToggleSailingModeIntent.swift; sourceTree = "<group>"; };
		F9C22A9F82B7CF20C671525F /* StasisWidgets.appex */ = {isa = PBXFileReference; explicitFileType = "wrapper.app-extension"; includeInIndex = 0; path = StasisWidgets.appex; sourceTree = BUILT_PRODUCTS_DIR; };
/* End PBXFileReference section */

/* Begin PBXFileSystemSynchronizedBuildFileExceptionSet section */
		A6AE1A372F484C94003B09FA /* Exceptions for "Helper" folder in "stasis" target */ = {
			isa = PBXFileSystemSynchronizedBuildFileExceptionSet;
			membershipExceptions = (
				HelperProtocol.swift,
			);
			target = A68B3E0B2F19AB4B00F115E4 /* stasis */;
		};
		A6E6D7352F3A00000069CF9F /* Exceptions for "ChargingHelper" folder in "stasis" target */ = {
			isa = PBXFileSystemSynchronizedBuildFileExceptionSet;
			membershipExceptions = (
				ChargingHelperProtocol.swift,
			);
			target = A68B3E0B2F19AB4B00F115E4 /* stasis */;
		};
		D230505F2FD59437004A6BF9 /* Exceptions for "Stasis" folder in "stasis" target */ = {
			isa = PBXFileSystemSynchronizedBuildFileExceptionSet;
			membershipExceptions = (
				Info.plist,
			);
			target = A68B3E0B2F19AB4B00F115E4 /* stasis */;
		};
/* End PBXFileSystemSynchronizedBuildFileExceptionSet section */

/* Begin PBXFileSystemSynchronizedRootGroup section */
		A66D62CF2F44067C00B996E7 /* SMCPower */ = {
			isa = PBXFileSystemSynchronizedRootGroup;
			path = SMCPower;
			sourceTree = "<group>";
		};
		A68B3E0E2F19AB4B00F115E4 /* Stasis */ = {
			isa = PBXFileSystemSynchronizedRootGroup;
			exceptions = (
				D230505F2FD59437004A6BF9 /* Exceptions for "Stasis" folder in "stasis" target */,
			);
			path = Stasis;
			sourceTree = "<group>";
		};
		A68B3E1F2F19ABCB00F115E4 /* Helper */ = {
			isa = PBXFileSystemSynchronizedRootGroup;
			exceptions = (
				A6AE1A372F484C94003B09FA /* Exceptions for "Helper" folder in "stasis" target */,
			);
			path = Helper;
			sourceTree = "<group>";
		};
		A6E6D71F2F39DD350069CF9F /* ChargingHelper */ = {
			isa = PBXFileSystemSynchronizedRootGroup;
			exceptions = (
				A6E6D7352F3A00000069CF9F /* Exceptions for "ChargingHelper" folder in "stasis" target */,
			);
			path = ChargingHelper;
			sourceTree = "<group>";
		};
/* End PBXFileSystemSynchronizedRootGroup section */

/* Begin PBXFrameworksBuildPhase section */
		044CA7030F6731EA9E7D8DD8 /* Frameworks */ = {
			isa = PBXFrameworksBuildPhase;
			buildActionMask = 2147483647;
			files = (
				D2544446301B7E5F002CFCBE /* Defaults in Frameworks */,
				284218D2AA2D0B85FB96F044 /* Cocoa.framework in Frameworks */,
				A753C600B37DBF37173AB536 /* WidgetKit.framework in Frameworks */,
				FDF6C939ABC24BBF6C04CF73 /* SwiftUI.framework in Frameworks */,
				D8605D2B2A7CDEB3C20F4736 /* AppIntents.framework in Frameworks */,
				B383FAFDBFA3E5C820E07925 /* AppKit.framework in Frameworks */,
				2C816407495870DDD186633F /* Foundation.framework in Frameworks */,
			);
			runOnlyForDeploymentPostprocessing = 0;
		};
		A66D62CB2F44067C00B996E7 /* Frameworks */ = {
			isa = PBXFrameworksBuildPhase;
			buildActionMask = 2147483647;
			files = (
				A66D62E22F44076F00B996E7 /* SMCKit in Frameworks */,
			);
			runOnlyForDeploymentPostprocessing = 0;
		};
		A68B3E092F19AB4B00F115E4 /* Frameworks */ = {
			isa = PBXFrameworksBuildPhase;
			buildActionMask = 2147483647;
			files = (
				A6AE19892F480D41003B09FA /* smc_power.framework in Frameworks */,
				A6638F812F1C0FD60047FA8E /* Defaults in Frameworks */,
				E848EAF049F1CF475276533E /* Sparkle in Frameworks */,
			);
			runOnlyForDeploymentPostprocessing = 0;
		};
		A68B3E1B2F19ABCB00F115E4 /* Frameworks */ = {
			isa = PBXFrameworksBuildPhase;
			buildActionMask = 2147483647;
			files = (
				A66D62DD2F44069900B996E7 /* smc_power.framework in Frameworks */,
			);
			runOnlyForDeploymentPostprocessing = 0;
		};
		A6E6D71B2F39DD350069CF9F /* Frameworks */ = {
			isa = PBXFrameworksBuildPhase;
			buildActionMask = 2147483647;
			files = (
				A66D62D92F44069300B996E7 /* smc_power.framework in Frameworks */,
			);
			runOnlyForDeploymentPostprocessing = 0;
		};
/* End PBXFrameworksBuildPhase section */

/* Begin PBXGroup section */
		7238AB8D8D411E05B4CC693D /* OS X */ = {
			isa = PBXGroup;
			children = (
				0108D8B15E447D46671D426F /* Cocoa.framework */,
				6B70DF00D0A4512323410473 /* WidgetKit.framework */,
				7FE7636E2BC9BA719E2DB36E /* SwiftUI.framework */,
				4076A738FB5EF065316FFB54 /* AppIntents.framework */,
				ED8922E693EE3566EC460042 /* AppKit.framework */,
				21A79EE1AC5AA13B90F7AA0A /* Foundation.framework */,
			);
			name = "OS X";
			sourceTree = "<group>";
		};
		A68B3E032F19AB4B00F115E4 = {
			isa = PBXGroup;
			children = (
				A67470412FA4F4EA00925FF2 /* README.md */,
				A68B3E0E2F19AB4B00F115E4 /* Stasis */,
				A68B3E1F2F19ABCB00F115E4 /* Helper */,
				A6E6D71F2F39DD350069CF9F /* ChargingHelper */,
				A66D62CF2F44067C00B996E7 /* SMCPower */,
				A68B3E532F1A942600F115E4 /* Frameworks */,
				A68B3E0D2F19AB4B00F115E4 /* Products */,
				1FB628545B8B9D748ABB0577 /* StasisWidgetsBundle.swift */,
				037CBDD1E7C2450509B7B0DD /* StasisWidgetProvider.swift */,
				E7921FDF3ED9D1AA7BDEAD0F /* BatteryStatusWidget.swift */,
				8BB6C94A68EA753EBFCFAFA6 /* PowerSankeyWidget.swift */,
				ABC6C5DCE555E5672BBBBD21 /* AppDelegateStub.swift */,
				F4090E1F7AB451C1D2A435FA /* WidgetStatusData.swift */,
				8FE5AA906A0FC7642140A2D9 /* PercentageFormatter.swift */,
				6C940BAF946D438A68EB4AE8 /* PowerSource.swift */,
				B34494C8924E9E33E69FC9BF /* BatteryMetrics.swift */,
				8AA8AAD624458CB3FED76B4E /* ChargingMode.swift */,
				3649CD880BA38818012E8D08 /* PowerValueFormatter.swift */,
				D94772A5BDA18243CADB1C57 /* PowerSankeyView.swift */,
				4B8A5FEA7ACD9C697176636C /* BatteryIndicatorView.swift */,
				C285BD3E05BD94A263FB87C8 /* DefaultsKeys.swift */,
				0F345B1AEF42CA935A018CC0 /* ToggleTopUpIntent.swift */,
				F99D2FA2F464CB390128FA52 /* ToggleSailingModeIntent.swift */,
				EB17D917042FD18D94EDF6E6 /* SetChargeLimitIntent.swift */,
				B388511F3D9F789874C0EB07 /* GetBatteryStatusIntent.swift */,
			);
			sourceTree = "<group>";
		};
		A68B3E0D2F19AB4B00F115E4 /* Products */ = {
			isa = PBXGroup;
			children = (
				A68B3E0C2F19AB4B00F115E4 /* Stasis.app */,
				A68B3E1E2F19ABCB00F115E4 /* helper.xpc */,
				A6E6D71E2F39DD350069CF9F /* com.dinanathdash.stasis.charging-helper */,
				A66D62CE2F44067C00B996E7 /* smc_power.framework */,
				DE1F0B17AD11866924DCAE59 /* StasisWidgets.appex */,
				B0D3722E10FE862C56FF700D /* StasisWidgets.appex */,
				F9C22A9F82B7CF20C671525F /* StasisWidgets.appex */,
				42067C73F0CFFE5662DD1B01 /* StasisWidgets.appex */,
				E745C06FFDDB3C2921608841 /* StasisWidgets.appex */,
			);
			name = Products;
			sourceTree = "<group>";
		};
		A68B3E532F1A942600F115E4 /* Frameworks */ = {
			isa = PBXGroup;
			children = (
				7238AB8D8D411E05B4CC693D /* OS X */,
			);
			name = Frameworks;
			sourceTree = "<group>";
		};
/* End PBXGroup section */

/* Begin PBXHeadersBuildPhase section */
		A66D62C92F44067C00B996E7 /* Headers */ = {
			isa = PBXHeadersBuildPhase;
			buildActionMask = 2147483647;
			files = (
			);
			runOnlyForDeploymentPostprocessing = 0;
		};
/* End PBXHeadersBuildPhase section */

/* Begin PBXNativeTarget section */
		470E04E865F208042D6ED0DC /* StasisWidgets */ = {
			isa = PBXNativeTarget;
			buildConfigurationList = 95DB1DB70F717EF2DA8A40D1 /* Build configuration list for PBXNativeTarget "StasisWidgets" */;
			buildPhases = (
				4F6810DC0A819424BB28002F /* Sources */,
				044CA7030F6731EA9E7D8DD8 /* Frameworks */,
				0719B51D0D9BE3677854F39A /* Resources */,
			);
			buildRules = (
			);
			dependencies = (
			);
			name = StasisWidgets;
			packageProductDependencies = (
				A6638F802F1C0FD60047FA8E /* Defaults */,
			);
			productName = StasisWidgets;
			productReference = E745C06FFDDB3C2921608841 /* StasisWidgets.appex */;
			productType = "com.apple.product-type.app-extension";
		};
		A66D62CD2F44067C00B996E7 /* smc-power */ = {
			isa = PBXNativeTarget;
			buildConfigurationList = A66D62D62F44067C00B996E7 /* Build configuration list for PBXNativeTarget "smc-power" */;
			buildPhases = (
				A66D62C92F44067C00B996E7 /* Headers */,
				A66D62CA2F44067C00B996E7 /* Sources */,
				A66D62CB2F44067C00B996E7 /* Frameworks */,
				A66D62CC2F44067C00B996E7 /* Resources */,
			);
			buildRules = (
			);
			dependencies = (
			);
			fileSystemSynchronizedGroups = (
				A66D62CF2F44067C00B996E7 /* SMCPower */,
			);
			name = "smc-power";
			packageProductDependencies = (
				A66D62E12F44076F00B996E7 /* SMCKit */,
			);
			productName = "smc-profiles";
			productReference = A66D62CE2F44067C00B996E7 /* smc_power.framework */;
			productType = "com.apple.product-type.framework";
		};
		A68B3E0B2F19AB4B00F115E4 /* stasis */ = {
			isa = PBXNativeTarget;
			buildConfigurationList = A68B3E172F19AB4C00F115E4 /* Build configuration list for PBXNativeTarget "stasis" */;
			buildPhases = (
				A68B3E082F19AB4B00F115E4 /* Sources */,
				A68B3E092F19AB4B00F115E4 /* Frameworks */,
				A68B3E0A2F19AB4B00F115E4 /* Resources */,
				A68B3E2E2F19ABCB00F115E4 /* Embed XPC Services */,
				A6E6D7332F3A00000069CF9F /* Copy Helper Tools */,
				A6E6D7342F3A00000069CF9F /* Copy LaunchDaemon Plist */,
				A6AE198D2F480D41003B09FA /* Embed Frameworks */,
				F757C228143A379F4B09BEAE /* Embed App Extensions */,
			);
			buildRules = (
			);
			dependencies = (
				A68B3E282F19ABCB00F115E4 /* PBXTargetDependency */,
				A6E6D7312F3A00000069CF9F /* PBXTargetDependency */,
				A6AE198C2F480D41003B09FA /* PBXTargetDependency */,
				8B68ECE317E987E78C94F2D5 /* PBXTargetDependency */,
			);
			fileSystemSynchronizedGroups = (
				A68B3E0E2F19AB4B00F115E4 /* Stasis */,
			);
			name = stasis;
			packageProductDependencies = (
				A6638F802F1C0FD60047FA8E /* Defaults */,
				F195F982B58740F53BD3914B /* Sparkle */,
			);
			productName = stasis;
			productReference = A68B3E0C2F19AB4B00F115E4 /* Stasis.app */;
			productType = "com.apple.product-type.application";
		};
		A68B3E1D2F19ABCB00F115E4 /* helper */ = {
			isa = PBXNativeTarget;
			buildConfigurationList = A68B3E2B2F19ABCB00F115E4 /* Build configuration list for PBXNativeTarget "helper" */;
			buildPhases = (
				A68B3E1A2F19ABCB00F115E4 /* Sources */,
				A68B3E1B2F19ABCB00F115E4 /* Frameworks */,
				A68B3E1C2F19ABCB00F115E4 /* Resources */,
			);
			buildRules = (
			);
			dependencies = (
				A66D62E02F44069900B996E7 /* PBXTargetDependency */,
			);
			fileSystemSynchronizedGroups = (
				A68B3E1F2F19ABCB00F115E4 /* Helper */,
			);
			name = helper;
			productName = helper;
			productReference = A68B3E1E2F19ABCB00F115E4 /* helper.xpc */;
			productType = "com.apple.product-type.xpc-service";
		};
		A6E6D71D2F39DD350069CF9F /* charging-helper */ = {
			isa = PBXNativeTarget;
			buildConfigurationList = A6E6D7222F39DD350069CF9F /* Build configuration list for PBXNativeTarget "charging-helper" */;
			buildPhases = (
				A6E6D71A2F39DD350069CF9F /* Sources */,
				A6E6D71B2F39DD350069CF9F /* Frameworks */,
			);
			buildRules = (
			);
			dependencies = (
				A66D62DC2F44069300B996E7 /* PBXTargetDependency */,
			);
			fileSystemSynchronizedGroups = (
				A6E6D71F2F39DD350069CF9F /* ChargingHelper */,
			);
			name = "charging-helper";
			productName = "charging-helper";
			productReference = A6E6D71E2F39DD350069CF9F /* com.dinanathdash.stasis.charging-helper */;
			productType = "com.apple.product-type.tool";
		};
/* End PBXNativeTarget section */

/* Begin PBXProject section */
		A68B3E042F19AB4B00F115E4 /* Project object */ = {
			isa = PBXProject;
			attributes = {
				BuildIndependentTargetsInParallel = 1;
				LastSwiftUpdateCheck = 2620;
				LastUpgradeCheck = 2650;
				TargetAttributes = {
					A66D62CD2F44067C00B996E7 = {
						CreatedOnToolsVersion = 26.2;
					};
					A68B3E0B2F19AB4B00F115E4 = {
						CreatedOnToolsVersion = 26.2;
					};
					A68B3E1D2F19ABCB00F115E4 = {
						CreatedOnToolsVersion = 26.2;
					};
					A6E6D71D2F39DD350069CF9F = {
						CreatedOnToolsVersion = 26.2;
					};
				};
			};
			buildConfigurationList = A68B3E072F19AB4B00F115E4 /* Build configuration list for PBXProject "stasis" */;
			developmentRegion = en;
			hasScannedForEncodings = 0;
			knownRegions = (
				en,
				Base,
				es,
				"es-US",
				de,
				ja,
				"zh-Hans",
				"zh-Hant",
				ru,
				nl,
				tr,
				sl,
				sk,
				vi,
				ko,
				fr,
				it,
				"pt-PT",
				"pt-BR",
			);
			mainGroup = A68B3E032F19AB4B00F115E4;
			minimizedProjectReferenceProxies = 1;
			packageReferences = (
				A6638F7F2F1C0FD60047FA8E /* XCRemoteSwiftPackageReference "Defaults" */,
				A6ECE4EC2F39E247007F3EDF /* XCRemoteSwiftPackageReference "SMCKit" */,
				04050E4B9EEE0749157F347A /* XCRemoteSwiftPackageReference "Sparkle" */,
			);
			preferredProjectObjectVersion = 77;
			productRefGroup = A68B3E0D2F19AB4B00F115E4 /* Products */;
			projectDirPath = "";
			projectRoot = "";
			targets = (
				A68B3E0B2F19AB4B00F115E4 /* stasis */,
				A68B3E1D2F19ABCB00F115E4 /* helper */,
				A6E6D71D2F39DD350069CF9F /* charging-helper */,
				A66D62CD2F44067C00B996E7 /* smc-power */,
				470E04E865F208042D6ED0DC /* StasisWidgets */,
			);
		};
/* End PBXProject section */

/* Begin PBXResourcesBuildPhase section */
		0719B51D0D9BE3677854F39A /* Resources */ = {
			isa = PBXResourcesBuildPhase;
			buildActionMask = 2147483647;
			files = (
			);
			runOnlyForDeploymentPostprocessing = 0;
		};
		A66D62CC2F44067C00B996E7 /* Resources */ = {
			isa = PBXResourcesBuildPhase;
			buildActionMask = 2147483647;
			files = (
			);
			runOnlyForDeploymentPostprocessing = 0;
		};
		A68B3E0A2F19AB4B00F115E4 /* Resources */ = {
			isa = PBXResourcesBuildPhase;
			buildActionMask = 2147483647;
			files = (
			);
			runOnlyForDeploymentPostprocessing = 0;
		};
		A68B3E1C2F19ABCB00F115E4 /* Resources */ = {
			isa = PBXResourcesBuildPhase;
			buildActionMask = 2147483647;
			files = (
			);
			runOnlyForDeploymentPostprocessing = 0;
		};
/* End PBXResourcesBuildPhase section */

/* Begin PBXShellScriptBuildPhase section */
		A6E6D7342F3A00000069CF9F /* Copy LaunchDaemon Plist */ = {
			isa = PBXShellScriptBuildPhase;
			buildActionMask = 2147483647;
			files = (
			);
			inputPaths = (
				"$(SRCROOT)/ChargingHelper/com.dinanathdash.stasis.charging-helper.plist",
			);
			name = "Copy LaunchDaemon Plist";
			outputPaths = (
				"$(BUILT_PRODUCTS_DIR)/$(CONTENTS_FOLDER_PATH)/Library/LaunchDaemons/com.dinanathdash.stasis.charging-helper.plist",
			);
			runOnlyForDeploymentPostprocessing = 0;
			shellPath = /bin/sh;
			shellScript = "mkdir -p \"${BUILT_PRODUCTS_DIR}/${CONTENTS_FOLDER_PATH}/Library/LaunchDaemons\"\ncp \"${SRCROOT}/ChargingHelper/com.dinanathdash.stasis.charging-helper.plist\" \"${BUILT_PRODUCTS_DIR}/${CONTENTS_FOLDER_PATH}/Library/LaunchDaemons/\"\n";
		};
/* End PBXShellScriptBuildPhase section */

/* Begin PBXSourcesBuildPhase section */
		4F6810DC0A819424BB28002F /* Sources */ = {
			isa = PBXSourcesBuildPhase;
			buildActionMask = 2147483647;
			files = (
				541A7F2C7A4B6D796D15389D /* StasisWidgetsBundle.swift in Sources */,
				979FAF28D04193F679A98304 /* StasisWidgetProvider.swift in Sources */,
				A3D1BFAC11E3F5C15E65B614 /* BatteryStatusWidget.swift in Sources */,
				C8EC10B032835FCE373F09C0 /* PowerSankeyWidget.swift in Sources */,
				B91212E66C4C701D009F04F7 /* AppDelegateStub.swift in Sources */,
				FABB180C892DF932BA7AF195 /* WidgetStatusData.swift in Sources */,
				9798846635F9B724C0D55FAD /* PercentageFormatter.swift in Sources */,
				EBC6CDA09066E29463BC8155 /* PowerSource.swift in Sources */,
				95CD1EEDF8472ED3EFB46373 /* BatteryMetrics.swift in Sources */,
				B05B37B3A2BA5FE5671EC149 /* ChargingMode.swift in Sources */,
				DC38B2D45D5321C4D6226B6B /* PowerValueFormatter.swift in Sources */,
				B1450E221FD6458750534835 /* PowerSankeyView.swift in Sources */,
				E51E5389E375FC1F6E7184A4 /* BatteryIndicatorView.swift in Sources */,
				8E4273446317CF0024F87CEE /* DefaultsKeys.swift in Sources */,
				06F980D52C3CA823CFE253D7 /* ToggleTopUpIntent.swift in Sources */,
				5E9C1D938347D78227B1ECC4 /* ToggleSailingModeIntent.swift in Sources */,
				CA1E46B7B443A391CEADDC3F /* SetChargeLimitIntent.swift in Sources */,
				89DAF1C7280F554AA14B728F /* GetBatteryStatusIntent.swift in Sources */,
			);
			runOnlyForDeploymentPostprocessing = 0;
		};
		A66D62CA2F44067C00B996E7 /* Sources */ = {
			isa = PBXSourcesBuildPhase;
			buildActionMask = 2147483647;
			files = (
			);
			runOnlyForDeploymentPostprocessing = 0;
		};
		A68B3E082F19AB4B00F115E4 /* Sources */ = {
			isa = PBXSourcesBuildPhase;
			buildActionMask = 2147483647;
			files = (
			);
			runOnlyForDeploymentPostprocessing = 0;
		};
		A68B3E1A2F19ABCB00F115E4 /* Sources */ = {
			isa = PBXSourcesBuildPhase;
			buildActionMask = 2147483647;
			files = (
			);
			runOnlyForDeploymentPostprocessing = 0;
		};
		A6E6D71A2F39DD350069CF9F /* Sources */ = {
			isa = PBXSourcesBuildPhase;
			buildActionMask = 2147483647;
			files = (
			);
			runOnlyForDeploymentPostprocessing = 0;
		};
/* End PBXSourcesBuildPhase section */

/* Begin PBXTargetDependency section */
		8B68ECE317E987E78C94F2D5 /* PBXTargetDependency */ = {
			isa = PBXTargetDependency;
			name = StasisWidgets;
			target = 470E04E865F208042D6ED0DC /* StasisWidgets */;
			targetProxy = FEE579C580616A77DCE78823 /* PBXContainerItemProxy */;
		};
		A66D62DC2F44069300B996E7 /* PBXTargetDependency */ = {
			isa = PBXTargetDependency;
			target = A66D62CD2F44067C00B996E7 /* smc-power */;
			targetProxy = A66D62DB2F44069300B996E7 /* PBXContainerItemProxy */;
		};
		A66D62E02F44069900B996E7 /* PBXTargetDependency */ = {
			isa = PBXTargetDependency;
			target = A66D62CD2F44067C00B996E7 /* smc-power */;
			targetProxy = A66D62DF2F44069900B996E7 /* PBXContainerItemProxy */;
		};
		A68B3E282F19ABCB00F115E4 /* PBXTargetDependency */ = {
			isa = PBXTargetDependency;
			target = A68B3E1D2F19ABCB00F115E4 /* helper */;
			targetProxy = A68B3E272F19ABCB00F115E4 /* PBXContainerItemProxy */;
		};
		A6AE198C2F480D41003B09FA /* PBXTargetDependency */ = {
			isa = PBXTargetDependency;
			target = A66D62CD2F44067C00B996E7 /* smc-power */;
			targetProxy = A6AE198B2F480D41003B09FA /* PBXContainerItemProxy */;
		};
		A6E6D7312F3A00000069CF9F /* PBXTargetDependency */ = {
			isa = PBXTargetDependency;
			target = A6E6D71D2F39DD350069CF9F /* charging-helper */;
			targetProxy = A6E6D7302F3A00000069CF9F /* PBXContainerItemProxy */;
		};
/* End PBXTargetDependency section */

/* Begin XCBuildConfiguration section */
		01D0C24A4EF172576474E267 /* Debug */ = {
			isa = XCBuildConfiguration;
			buildSettings = {
				CODE_SIGN_ENTITLEMENTS = StasisWidgets/StasisWidgets.entitlements;
				CODE_SIGN_IDENTITY = "Apple Development";
				CODE_SIGN_STYLE = Automatic;
				CURRENT_PROJECT_VERSION = 58;
				DEVELOPMENT_TEAM = 52WCJ39DLM;
				ENABLE_HARDENED_RUNTIME = YES;
				GENERATE_INFOPLIST_FILE = NO;
				INFOPLIST_FILE = StasisWidgets/Info.plist;
				LD_RUNPATH_SEARCH_PATHS = (
					"$(inherited)",
					"@executable_path/../Frameworks",
					"@executable_path/../../../../Frameworks",
				);
				MACOSX_DEPLOYMENT_TARGET = 14.0;
				MARKETING_VERSION = 0.13.1;
				OTHER_SWIFT_FLAGS = "$(inherited) -DWIDGET_EXTENSION";
				PRODUCT_BUNDLE_IDENTIFIER = com.dinanathdash.stasis.widgets;
				PRODUCT_NAME = "$(TARGET_NAME)";
				PROVISIONING_PROFILE_SPECIFIER = "";
				SDKROOT = macosx;
				SKIP_INSTALL = YES;
				SWIFT_STRICT_CONCURRENCY = complete;
				SWIFT_VERSION = 5.0;
			};
			name = Debug;
		};
		576C772161C238565FD48E7E /* Release */ = {
			isa = XCBuildConfiguration;
			buildSettings = {
				CODE_SIGN_ENTITLEMENTS = StasisWidgets/StasisWidgets.entitlements;
				CODE_SIGN_IDENTITY = "Apple Development";
				CODE_SIGN_STYLE = Automatic;
				CURRENT_PROJECT_VERSION = 58;
				DEVELOPMENT_TEAM = 52WCJ39DLM;
				ENABLE_HARDENED_RUNTIME = YES;
				GENERATE_INFOPLIST_FILE = NO;
				INFOPLIST_FILE = StasisWidgets/Info.plist;
				LD_RUNPATH_SEARCH_PATHS = (
					"$(inherited)",
					"@executable_path/../Frameworks",
					"@executable_path/../../../../Frameworks",
				);
				MACOSX_DEPLOYMENT_TARGET = 14.0;
				MARKETING_VERSION = 0.13.1;
				OTHER_SWIFT_FLAGS = "$(inherited) -DWIDGET_EXTENSION";
				PRODUCT_BUNDLE_IDENTIFIER = com.dinanathdash.stasis.widgets;
				PRODUCT_NAME = "$(TARGET_NAME)";
				PROVISIONING_PROFILE_SPECIFIER = "";
				SDKROOT = macosx;
				SKIP_INSTALL = YES;
				SWIFT_STRICT_CONCURRENCY = complete;
				SWIFT_VERSION = 5.0;
			};
			name = Release;
		};
		A66D62D72F44067C00B996E7 /* Debug */ = {
			isa = XCBuildConfiguration;
			buildSettings = {
				BUILD_LIBRARY_FOR_DISTRIBUTION = NO;
				CODE_SIGN_IDENTITY = "";
				"CODE_SIGN_IDENTITY[sdk=macosx*]" = "Apple Development";
				CODE_SIGN_INJECT_BASE_ENTITLEMENTS = NO;
				CODE_SIGN_STYLE = Automatic;
				COMBINE_HIDPI_IMAGES = YES;
				CURRENT_PROJECT_VERSION = 58;
				DEAD_CODE_STRIPPING = YES;
				DEVELOPMENT_TEAM = 52WCJ39DLM;
				DYLIB_COMPATIBILITY_VERSION = 1;
				DYLIB_CURRENT_VERSION = 1;
				DYLIB_INSTALL_NAME_BASE = "@rpath";
				ENABLE_MODULE_VERIFIER = YES;
				ENABLE_USER_SCRIPT_SANDBOXING = YES;
				GENERATE_INFOPLIST_FILE = YES;
				INFOPLIST_KEY_NSHumanReadableCopyright = "";
				INSTALL_PATH = "$(LOCAL_LIBRARY_DIR)/Frameworks";
				LD_RUNPATH_SEARCH_PATHS = (
					"$(inherited)",
					"@executable_path/../Frameworks",
					"@loader_path/Frameworks",
				);
				MACOSX_DEPLOYMENT_TARGET = 14.8;
				MARKETING_VERSION = 0.13.1;
				MODULE_VERIFIER_SUPPORTED_LANGUAGES = "objective-c objective-c++";
				MODULE_VERIFIER_SUPPORTED_LANGUAGE_STANDARDS = "gnu17 gnu++20";
				PRODUCT_BUNDLE_IDENTIFIER = "com.dinanathdash.stasis.smc-profiles";
				PRODUCT_NAME = "$(TARGET_NAME:c99extidentifier)";
				SKIP_INSTALL = YES;
				STRING_CATALOG_GENERATE_SYMBOLS = YES;
				SWIFT_APPROACHABLE_CONCURRENCY = YES;
				SWIFT_EMIT_LOC_STRINGS = YES;
				SWIFT_INSTALL_MODULE = YES;
				SWIFT_INSTALL_OBJC_HEADER = NO;
				SWIFT_UPCOMING_FEATURE_MEMBER_IMPORT_VISIBILITY = YES;
				SWIFT_VERSION = 5.0;
				VERSIONING_SYSTEM = "apple-generic";
				VERSION_INFO_PREFIX = "";
			};
			name = Debug;
		};
		A66D62D82F44067C00B996E7 /* Release */ = {
			isa = XCBuildConfiguration;
			buildSettings = {
				BUILD_LIBRARY_FOR_DISTRIBUTION = NO;
				CODE_SIGN_IDENTITY = "";
				"CODE_SIGN_IDENTITY[sdk=macosx*]" = "Apple Development";
				CODE_SIGN_INJECT_BASE_ENTITLEMENTS = NO;
				CODE_SIGN_STYLE = Automatic;
				COMBINE_HIDPI_IMAGES = YES;
				CURRENT_PROJECT_VERSION = 58;
				DEAD_CODE_STRIPPING = YES;
				DEVELOPMENT_TEAM = 52WCJ39DLM;
				DYLIB_COMPATIBILITY_VERSION = 1;
				DYLIB_CURRENT_VERSION = 1;
				DYLIB_INSTALL_NAME_BASE = "@rpath";
				ENABLE_MODULE_VERIFIER = YES;
				ENABLE_USER_SCRIPT_SANDBOXING = YES;
				GENERATE_INFOPLIST_FILE = YES;
				INFOPLIST_KEY_NSHumanReadableCopyright = "";
				INSTALL_PATH = "$(LOCAL_LIBRARY_DIR)/Frameworks";
				LD_RUNPATH_SEARCH_PATHS = (
					"$(inherited)",
					"@executable_path/../Frameworks",
					"@loader_path/Frameworks",
				);
				MACOSX_DEPLOYMENT_TARGET = 14.8;
				MARKETING_VERSION = 0.13.1;
				MODULE_VERIFIER_SUPPORTED_LANGUAGES = "objective-c objective-c++";
				MODULE_VERIFIER_SUPPORTED_LANGUAGE_STANDARDS = "gnu17 gnu++20";
				PRODUCT_BUNDLE_IDENTIFIER = "com.dinanathdash.stasis.smc-profiles";
				PRODUCT_NAME = "$(TARGET_NAME:c99extidentifier)";
				SKIP_INSTALL = YES;
				STRING_CATALOG_GENERATE_SYMBOLS = YES;
				SWIFT_APPROACHABLE_CONCURRENCY = YES;
				SWIFT_EMIT_LOC_STRINGS = YES;
				SWIFT_INSTALL_MODULE = YES;
				SWIFT_INSTALL_OBJC_HEADER = NO;
				SWIFT_UPCOMING_FEATURE_MEMBER_IMPORT_VISIBILITY = YES;
				SWIFT_VERSION = 5.0;
				VERSIONING_SYSTEM = "apple-generic";
				VERSION_INFO_PREFIX = "";
			};
			name = Release;
		};
		A68B3E152F19AB4C00F115E4 /* Debug */ = {
			isa = XCBuildConfiguration;
			buildSettings = {
				ALWAYS_SEARCH_USER_PATHS = NO;
				ASSETCATALOG_COMPILER_GENERATE_SWIFT_ASSET_SYMBOL_EXTENSIONS = YES;
				CLANG_ANALYZER_LOCALIZABILITY_NONLOCALIZED = YES;
				CLANG_ANALYZER_NONNULL = YES;
				CLANG_ANALYZER_NUMBER_OBJECT_CONVERSION = YES_AGGRESSIVE;
				CLANG_CXX_LANGUAGE_STANDARD = "gnu++20";
				CLANG_ENABLE_MODULES = YES;
				CLANG_ENABLE_OBJC_ARC = YES;
				CLANG_ENABLE_OBJC_WEAK = YES;
				CLANG_WARN_BLOCK_CAPTURE_AUTORELEASING = YES;
				CLANG_WARN_BOOL_CONVERSION = YES;
				CLANG_WARN_COMMA = YES;
				CLANG_WARN_CONSTANT_CONVERSION = YES;
				CLANG_WARN_DEPRECATED_OBJC_IMPLEMENTATIONS = YES;
				CLANG_WARN_DIRECT_OBJC_ISA_USAGE = YES_ERROR;
				CLANG_WARN_DOCUMENTATION_COMMENTS = YES;
				CLANG_WARN_EMPTY_BODY = YES;
				CLANG_WARN_ENUM_CONVERSION = YES;
				CLANG_WARN_INFINITE_RECURSION = YES;
				CLANG_WARN_INT_CONVERSION = YES;
				CLANG_WARN_NON_LITERAL_NULL_CONVERSION = YES;
				CLANG_WARN_OBJC_IMPLICIT_RETAIN_SELF = YES;
				CLANG_WARN_OBJC_LITERAL_CONVERSION = YES;
				CLANG_WARN_OBJC_ROOT_CLASS = YES_ERROR;
				CLANG_WARN_QUOTED_INCLUDE_IN_FRAMEWORK_HEADER = YES;
				CLANG_WARN_RANGE_LOOP_ANALYSIS = YES;
				CLANG_WARN_STRICT_PROTOTYPES = YES;
				CLANG_WARN_SUSPICIOUS_MOVE = YES;
				CLANG_WARN_UNGUARDED_AVAILABILITY = YES_AGGRESSIVE;
				CLANG_WARN_UNREACHABLE_CODE = YES;
				CLANG_WARN__DUPLICATE_METHOD_MATCH = YES;
				COPY_PHASE_STRIP = NO;
				DEAD_CODE_STRIPPING = YES;
				DEBUG_INFORMATION_FORMAT = dwarf;
				DEVELOPMENT_TEAM = 447GJ83BJ5;
				ENABLE_STRICT_OBJC_MSGSEND = YES;
				ENABLE_TESTABILITY = YES;
				ENABLE_USER_SCRIPT_SANDBOXING = NO;
				EXCLUDED_ARCHS = x86_64;
				GCC_C_LANGUAGE_STANDARD = gnu17;
				GCC_DYNAMIC_NO_PIC = NO;
				GCC_NO_COMMON_BLOCKS = YES;
				GCC_OPTIMIZATION_LEVEL = 0;
				GCC_PREPROCESSOR_DEFINITIONS = (
					"DEBUG=1",
					"$(inherited)",
				);
				GCC_WARN_64_TO_32_BIT_CONVERSION = YES;
				GCC_WARN_ABOUT_RETURN_TYPE = YES_ERROR;
				GCC_WARN_UNDECLARED_SELECTOR = YES;
				GCC_WARN_UNINITIALIZED_AUTOS = YES_AGGRESSIVE;
				GCC_WARN_UNUSED_FUNCTION = YES;
				GCC_WARN_UNUSED_VARIABLE = YES;
				LOCALIZATION_PREFERS_STRING_CATALOGS = YES;
				MACOSX_DEPLOYMENT_TARGET = 15.7;
				MTL_ENABLE_DEBUG_INFO = INCLUDE_SOURCE;
				MTL_FAST_MATH = YES;
				ONLY_ACTIVE_ARCH = YES;
				SDKROOT = macosx;
				STRING_CATALOG_GENERATE_SYMBOLS = YES;
				SWIFT_ACTIVE_COMPILATION_CONDITIONS = "DEBUG $(inherited)";
				SWIFT_EMIT_LOC_STRINGS = YES;
				SWIFT_INCLUDE_PATHS = "$(SRCROOT)/Modules";
				SWIFT_OPTIMIZATION_LEVEL = "-Onone";
				SWIFT_VERSION = 6.0;
			};
			name = Debug;
		};
		A68B3E162F19AB4C00F115E4 /* Release */ = {
			isa = XCBuildConfiguration;
			buildSettings = {
				ALWAYS_SEARCH_USER_PATHS = NO;
				ASSETCATALOG_COMPILER_GENERATE_SWIFT_ASSET_SYMBOL_EXTENSIONS = YES;
				CLANG_ANALYZER_LOCALIZABILITY_NONLOCALIZED = YES;
				CLANG_ANALYZER_NONNULL = YES;
				CLANG_ANALYZER_NUMBER_OBJECT_CONVERSION = YES_AGGRESSIVE;
				CLANG_CXX_LANGUAGE_STANDARD = "gnu++20";
				CLANG_ENABLE_MODULES = YES;
				CLANG_ENABLE_OBJC_ARC = YES;
				CLANG_ENABLE_OBJC_WEAK = YES;
				CLANG_WARN_BLOCK_CAPTURE_AUTORELEASING = YES;
				CLANG_WARN_BOOL_CONVERSION = YES;
				CLANG_WARN_COMMA = YES;
				CLANG_WARN_CONSTANT_CONVERSION = YES;
				CLANG_WARN_DEPRECATED_OBJC_IMPLEMENTATIONS = YES;
				CLANG_WARN_DIRECT_OBJC_ISA_USAGE = YES_ERROR;
				CLANG_WARN_DOCUMENTATION_COMMENTS = YES;
				CLANG_WARN_EMPTY_BODY = YES;
				CLANG_WARN_ENUM_CONVERSION = YES;
				CLANG_WARN_INFINITE_RECURSION = YES;
				CLANG_WARN_INT_CONVERSION = YES;
				CLANG_WARN_NON_LITERAL_NULL_CONVERSION = YES;
				CLANG_WARN_OBJC_IMPLICIT_RETAIN_SELF = YES;
				CLANG_WARN_OBJC_LITERAL_CONVERSION = YES;
				CLANG_WARN_OBJC_ROOT_CLASS = YES_ERROR;
				CLANG_WARN_QUOTED_INCLUDE_IN_FRAMEWORK_HEADER = YES;
				CLANG_WARN_RANGE_LOOP_ANALYSIS = YES;
				CLANG_WARN_STRICT_PROTOTYPES = YES;
				CLANG_WARN_SUSPICIOUS_MOVE = YES;
				CLANG_WARN_UNGUARDED_AVAILABILITY = YES_AGGRESSIVE;
				CLANG_WARN_UNREACHABLE_CODE = YES;
				CLANG_WARN__DUPLICATE_METHOD_MATCH = YES;
				COPY_PHASE_STRIP = NO;
				DEAD_CODE_STRIPPING = YES;
				DEBUG_INFORMATION_FORMAT = "dwarf-with-dsym";
				DEVELOPMENT_TEAM = 447GJ83BJ5;
				ENABLE_NS_ASSERTIONS = NO;
				ENABLE_STRICT_OBJC_MSGSEND = YES;
				ENABLE_USER_SCRIPT_SANDBOXING = NO;
				EXCLUDED_ARCHS = x86_64;
				GCC_C_LANGUAGE_STANDARD = gnu17;
				GCC_NO_COMMON_BLOCKS = YES;
				GCC_WARN_64_TO_32_BIT_CONVERSION = YES;
				GCC_WARN_ABOUT_RETURN_TYPE = YES_ERROR;
				GCC_WARN_UNDECLARED_SELECTOR = YES;
				GCC_WARN_UNINITIALIZED_AUTOS = YES_AGGRESSIVE;
				GCC_WARN_UNUSED_FUNCTION = YES;
				GCC_WARN_UNUSED_VARIABLE = YES;
				LOCALIZATION_PREFERS_STRING_CATALOGS = YES;
				MACOSX_DEPLOYMENT_TARGET = 15.7;
				MTL_ENABLE_DEBUG_INFO = NO;
				MTL_FAST_MATH = YES;
				SDKROOT = macosx;
				STRING_CATALOG_GENERATE_SYMBOLS = YES;
				SWIFT_COMPILATION_MODE = wholemodule;
				SWIFT_EMIT_LOC_STRINGS = YES;
				SWIFT_INCLUDE_PATHS = "$(SRCROOT)/Modules";
				SWIFT_VERSION = 6.0;
			};
			name = Release;
		};
		A68B3E182F19AB4C00F115E4 /* Debug */ = {
			isa = XCBuildConfiguration;
			buildSettings = {
				ASSETCATALOG_COMPILER_APPICON_NAME = Stasis;
				ASSETCATALOG_COMPILER_GLOBAL_ACCENT_COLOR_NAME = AccentColor;
				"CODE_SIGN_IDENTITY[sdk=macosx*]" = "Apple Development";
				CODE_SIGN_INJECT_BASE_ENTITLEMENTS = NO;
				CODE_SIGN_STYLE = Automatic;
				COMBINE_HIDPI_IMAGES = YES;
				CURRENT_PROJECT_VERSION = 58;
				DEAD_CODE_STRIPPING = YES;
				DEVELOPMENT_TEAM = 52WCJ39DLM;
				ENABLE_APP_SANDBOX = NO;
				ENABLE_HARDENED_RUNTIME = YES;
				ENABLE_PREVIEWS = YES;
				GENERATE_INFOPLIST_FILE = YES;
				INFOPLIST_FILE = Stasis/Info.plist;
				INFOPLIST_KEY_CFBundleDisplayName = Stasis;
				INFOPLIST_KEY_LSApplicationCategoryType = "public.app-category.utilities";
				INFOPLIST_KEY_LSUIElement = YES;
				INFOPLIST_KEY_NSHumanReadableCopyright = "";
				LD_RUNPATH_SEARCH_PATHS = (
					"$(inherited)",
					"@executable_path/../Frameworks",
				);
				MACOSX_DEPLOYMENT_TARGET = 14.8;
				MARKETING_VERSION = 0.13.1;
				PRODUCT_BUNDLE_IDENTIFIER = com.dinanathdash.stasis;
				PRODUCT_NAME = Stasis;
				REGISTER_APP_GROUPS = YES;
				STRING_CATALOG_GENERATE_SYMBOLS = YES;
				SWIFT_APPROACHABLE_CONCURRENCY = YES;
				SWIFT_DEFAULT_ACTOR_ISOLATION = MainActor;
				SWIFT_EMIT_LOC_STRINGS = YES;
				SWIFT_UPCOMING_FEATURE_MEMBER_IMPORT_VISIBILITY = YES;
				SWIFT_VERSION = 6.0;
			};
			name = Debug;
		};
		A68B3E192F19AB4C00F115E4 /* Release */ = {
			isa = XCBuildConfiguration;
			buildSettings = {
				ASSETCATALOG_COMPILER_APPICON_NAME = Stasis;
				ASSETCATALOG_COMPILER_GLOBAL_ACCENT_COLOR_NAME = AccentColor;
				"CODE_SIGN_IDENTITY[sdk=macosx*]" = "Apple Development";
				CODE_SIGN_INJECT_BASE_ENTITLEMENTS = NO;
				CODE_SIGN_STYLE = Automatic;
				COMBINE_HIDPI_IMAGES = YES;
				CURRENT_PROJECT_VERSION = 58;
				DEAD_CODE_STRIPPING = YES;
				DEVELOPMENT_TEAM = 52WCJ39DLM;
				ENABLE_APP_SANDBOX = NO;
				ENABLE_HARDENED_RUNTIME = YES;
				ENABLE_PREVIEWS = YES;
				GENERATE_INFOPLIST_FILE = YES;
				INFOPLIST_FILE = Stasis/Info.plist;
				INFOPLIST_KEY_CFBundleDisplayName = Stasis;
				INFOPLIST_KEY_LSApplicationCategoryType = "public.app-category.utilities";
				INFOPLIST_KEY_LSUIElement = YES;
				INFOPLIST_KEY_NSHumanReadableCopyright = "";
				LD_RUNPATH_SEARCH_PATHS = (
					"$(inherited)",
					"@executable_path/../Frameworks",
				);
				MACOSX_DEPLOYMENT_TARGET = 14.8;
				MARKETING_VERSION = 0.13.1;
				PRODUCT_BUNDLE_IDENTIFIER = com.dinanathdash.stasis;
				PRODUCT_NAME = Stasis;
				REGISTER_APP_GROUPS = YES;
				STRING_CATALOG_GENERATE_SYMBOLS = YES;
				SWIFT_APPROACHABLE_CONCURRENCY = YES;
				SWIFT_DEFAULT_ACTOR_ISOLATION = MainActor;
				SWIFT_EMIT_LOC_STRINGS = YES;
				SWIFT_UPCOMING_FEATURE_MEMBER_IMPORT_VISIBILITY = YES;
				SWIFT_VERSION = 6.0;
			};
			name = Release;
		};
		A68B3E2C2F19ABCB00F115E4 /* Debug */ = {
			isa = XCBuildConfiguration;
			buildSettings = {
				AUTOMATION_APPLE_EVENTS = NO;
				"CODE_SIGN_IDENTITY[sdk=macosx*]" = "Apple Development";
				CODE_SIGN_STYLE = Automatic;
				COMBINE_HIDPI_IMAGES = YES;
				CURRENT_PROJECT_VERSION = 58;
				DEAD_CODE_STRIPPING = YES;
				DEVELOPMENT_TEAM = 52WCJ39DLM;
				ENABLE_APP_SANDBOX = NO;
				ENABLE_HARDENED_RUNTIME = YES;
				ENABLE_RESOURCE_ACCESS_AUDIO_INPUT = NO;
				ENABLE_RESOURCE_ACCESS_CALENDARS = NO;
				ENABLE_RESOURCE_ACCESS_CAMERA = NO;
				ENABLE_RESOURCE_ACCESS_CONTACTS = NO;
				ENABLE_RESOURCE_ACCESS_LOCATION = NO;
				ENABLE_RESOURCE_ACCESS_PHOTO_LIBRARY = NO;
				GENERATE_INFOPLIST_FILE = YES;
				INFOPLIST_FILE = helper/Info.plist;
				INFOPLIST_KEY_CFBundleDisplayName = helper;
				INFOPLIST_KEY_NSHumanReadableCopyright = "";
				LD_RUNPATH_SEARCH_PATHS = "@loader_path/../../../../Frameworks";
				MACOSX_DEPLOYMENT_TARGET = 14.8;
				MARKETING_VERSION = 0.13.1;
				PRODUCT_BUNDLE_IDENTIFIER = com.dinanathdash.stasis.helper;
				PRODUCT_NAME = "$(TARGET_NAME)";
				REGISTER_APP_GROUPS = YES;
				RUNTIME_EXCEPTION_ALLOW_DYLD_ENVIRONMENT_VARIABLES = NO;
				RUNTIME_EXCEPTION_ALLOW_JIT = NO;
				RUNTIME_EXCEPTION_ALLOW_UNSIGNED_EXECUTABLE_MEMORY = NO;
				RUNTIME_EXCEPTION_DEBUGGING_TOOL = NO;
				RUNTIME_EXCEPTION_DISABLE_EXECUTABLE_PAGE_PROTECTION = NO;
				SKIP_INSTALL = YES;
				STRING_CATALOG_GENERATE_SYMBOLS = YES;
				SWIFT_APPROACHABLE_CONCURRENCY = YES;
				SWIFT_EMIT_LOC_STRINGS = YES;
				SWIFT_UPCOMING_FEATURE_MEMBER_IMPORT_VISIBILITY = YES;
				SWIFT_VERSION = 6.0;
			};
			name = Debug;
		};
		A68B3E2D2F19ABCB00F115E4 /* Release */ = {
			isa = XCBuildConfiguration;
			buildSettings = {
				AUTOMATION_APPLE_EVENTS = NO;
				"CODE_SIGN_IDENTITY[sdk=macosx*]" = "Apple Development";
				CODE_SIGN_STYLE = Automatic;
				COMBINE_HIDPI_IMAGES = YES;
				CURRENT_PROJECT_VERSION = 58;
				DEAD_CODE_STRIPPING = YES;
				DEVELOPMENT_TEAM = 52WCJ39DLM;
				ENABLE_APP_SANDBOX = NO;
				ENABLE_HARDENED_RUNTIME = YES;
				ENABLE_RESOURCE_ACCESS_AUDIO_INPUT = NO;
				ENABLE_RESOURCE_ACCESS_CALENDARS = NO;
				ENABLE_RESOURCE_ACCESS_CAMERA = NO;
				ENABLE_RESOURCE_ACCESS_CONTACTS = NO;
				ENABLE_RESOURCE_ACCESS_LOCATION = NO;
				ENABLE_RESOURCE_ACCESS_PHOTO_LIBRARY = NO;
				GENERATE_INFOPLIST_FILE = YES;
				INFOPLIST_FILE = helper/Info.plist;
				INFOPLIST_KEY_CFBundleDisplayName = helper;
				INFOPLIST_KEY_NSHumanReadableCopyright = "";
				LD_RUNPATH_SEARCH_PATHS = "@loader_path/../../../../Frameworks";
				MACOSX_DEPLOYMENT_TARGET = 14.8;
				MARKETING_VERSION = 0.13.1;
				PRODUCT_BUNDLE_IDENTIFIER = com.dinanathdash.stasis.helper;
				PRODUCT_NAME = "$(TARGET_NAME)";
				REGISTER_APP_GROUPS = YES;
				RUNTIME_EXCEPTION_ALLOW_DYLD_ENVIRONMENT_VARIABLES = NO;
				RUNTIME_EXCEPTION_ALLOW_JIT = NO;
				RUNTIME_EXCEPTION_ALLOW_UNSIGNED_EXECUTABLE_MEMORY = NO;
				RUNTIME_EXCEPTION_DEBUGGING_TOOL = NO;
				RUNTIME_EXCEPTION_DISABLE_EXECUTABLE_PAGE_PROTECTION = NO;
				SKIP_INSTALL = YES;
				STRING_CATALOG_GENERATE_SYMBOLS = YES;
				SWIFT_APPROACHABLE_CONCURRENCY = YES;
				SWIFT_EMIT_LOC_STRINGS = YES;
				SWIFT_UPCOMING_FEATURE_MEMBER_IMPORT_VISIBILITY = YES;
				SWIFT_VERSION = 6.0;
			};
			name = Release;
		};
		A6E6D7232F39DD350069CF9F /* Debug */ = {
			isa = XCBuildConfiguration;
			buildSettings = {
				"CODE_SIGN_IDENTITY[sdk=macosx*]" = "Apple Development";
				CODE_SIGN_INJECT_BASE_ENTITLEMENTS = NO;
				CODE_SIGN_STYLE = Automatic;
				CREATE_INFOPLIST_SECTION_IN_BINARY = YES;
				DEAD_CODE_STRIPPING = YES;
				DEVELOPMENT_TEAM = 52WCJ39DLM;
				ENABLE_APP_SANDBOX = NO;
				ENABLE_HARDENED_RUNTIME = YES;
				GENERATE_INFOPLIST_FILE = YES;
				INFOPLIST_FILE = ChargingHelper/Info.plist;
				LD_RUNPATH_SEARCH_PATHS = "@loader_path/../../Frameworks";
				MACOSX_DEPLOYMENT_TARGET = 14.8;
				OTHER_CODE_SIGN_FLAGS = "-o library-validation,runtime";
				OTHER_LDFLAGS = (
					"-sectcreate",
					__TEXT,
					__launchd_plist,
					"$(SRCROOT)/ChargingHelper/launchd.plist",
				);
				PRODUCT_BUNDLE_IDENTIFIER = "com.dinanathdash.stasis.charging-helper";
				PRODUCT_NAME = "com.dinanathdash.stasis.charging-helper";
				SKIP_INSTALL = YES;
				SWIFT_APPROACHABLE_CONCURRENCY = YES;
				SWIFT_UPCOMING_FEATURE_MEMBER_IMPORT_VISIBILITY = YES;
				SWIFT_VERSION = 6.0;
			};
			name = Debug;
		};
		A6E6D7242F39DD350069CF9F /* Release */ = {
			isa = XCBuildConfiguration;
			buildSettings = {
				"CODE_SIGN_IDENTITY[sdk=macosx*]" = "Apple Development";
				CODE_SIGN_INJECT_BASE_ENTITLEMENTS = NO;
				CODE_SIGN_STYLE = Automatic;
				CREATE_INFOPLIST_SECTION_IN_BINARY = YES;
				DEAD_CODE_STRIPPING = YES;
				DEVELOPMENT_TEAM = 52WCJ39DLM;
				ENABLE_APP_SANDBOX = NO;
				ENABLE_HARDENED_RUNTIME = YES;
				GENERATE_INFOPLIST_FILE = YES;
				INFOPLIST_FILE = ChargingHelper/Info.plist;
				LD_RUNPATH_SEARCH_PATHS = "@loader_path/../../Frameworks";
				MACOSX_DEPLOYMENT_TARGET = 14.8;
				OTHER_CODE_SIGN_FLAGS = "-o library-validation,runtime";
				OTHER_LDFLAGS = (
					"-sectcreate",
					__TEXT,
					__launchd_plist,
					"$(SRCROOT)/ChargingHelper/launchd.plist",
				);
				PRODUCT_BUNDLE_IDENTIFIER = "com.dinanathdash.stasis.charging-helper";
				PRODUCT_NAME = "com.dinanathdash.stasis.charging-helper";
				SKIP_INSTALL = YES;
				SWIFT_APPROACHABLE_CONCURRENCY = YES;
				SWIFT_UPCOMING_FEATURE_MEMBER_IMPORT_VISIBILITY = YES;
				SWIFT_VERSION = 6.0;
			};
			name = Release;
		};
/* End XCBuildConfiguration section */

/* Begin XCConfigurationList section */
		95DB1DB70F717EF2DA8A40D1 /* Build configuration list for PBXNativeTarget "StasisWidgets" */ = {
			isa = XCConfigurationList;
			buildConfigurations = (
				576C772161C238565FD48E7E /* Release */,
				01D0C24A4EF172576474E267 /* Debug */,
			);
			defaultConfigurationIsVisible = 0;
			defaultConfigurationName = Release;
		};
		A66D62D62F44067C00B996E7 /* Build configuration list for PBXNativeTarget "smc-power" */ = {
			isa = XCConfigurationList;
			buildConfigurations = (
				A66D62D72F44067C00B996E7 /* Debug */,
				A66D62D82F44067C00B996E7 /* Release */,
			);
			defaultConfigurationIsVisible = 0;
			defaultConfigurationName = Release;
		};
		A68B3E072F19AB4B00F115E4 /* Build configuration list for PBXProject "stasis" */ = {
			isa = XCConfigurationList;
			buildConfigurations = (
				A68B3E152F19AB4C00F115E4 /* Debug */,
				A68B3E162F19AB4C00F115E4 /* Release */,
			);
			defaultConfigurationIsVisible = 0;
			defaultConfigurationName = Release;
		};
		A68B3E172F19AB4C00F115E4 /* Build configuration list for PBXNativeTarget "stasis" */ = {
			isa = XCConfigurationList;
			buildConfigurations = (
				A68B3E182F19AB4C00F115E4 /* Debug */,
				A68B3E192F19AB4C00F115E4 /* Release */,
			);
			defaultConfigurationIsVisible = 0;
			defaultConfigurationName = Release;
		};
		A68B3E2B2F19ABCB00F115E4 /* Build configuration list for PBXNativeTarget "helper" */ = {
			isa = XCConfigurationList;
			buildConfigurations = (
				A68B3E2C2F19ABCB00F115E4 /* Debug */,
				A68B3E2D2F19ABCB00F115E4 /* Release */,
			);
			defaultConfigurationIsVisible = 0;
			defaultConfigurationName = Release;
		};
		A6E6D7222F39DD350069CF9F /* Build configuration list for PBXNativeTarget "charging-helper" */ = {
			isa = XCConfigurationList;
			buildConfigurations = (
				A6E6D7232F39DD350069CF9F /* Debug */,
				A6E6D7242F39DD350069CF9F /* Release */,
			);
			defaultConfigurationIsVisible = 0;
			defaultConfigurationName = Release;
		};
/* End XCConfigurationList section */

/* Begin XCRemoteSwiftPackageReference section */
		04050E4B9EEE0749157F347A /* XCRemoteSwiftPackageReference "Sparkle" */ = {
			isa = XCRemoteSwiftPackageReference;
			repositoryURL = "https://github.com/sparkle-project/Sparkle";
			requirement = {
				kind = upToNextMajorVersion;
				minimumVersion = 2.0.0;
			};
		};
		A6638F7F2F1C0FD60047FA8E /* XCRemoteSwiftPackageReference "Defaults" */ = {
			isa = XCRemoteSwiftPackageReference;
			repositoryURL = "https://github.com/sindresorhus/Defaults";
			requirement = {
				kind = upToNextMajorVersion;
				minimumVersion = 9.0.6;
			};
		};
		A6ECE4EC2F39E247007F3EDF /* XCRemoteSwiftPackageReference "SMCKit" */ = {
			isa = XCRemoteSwiftPackageReference;
			repositoryURL = "https://github.com/srimanachanta/SMCKit";
			requirement = {
				branch = main;
				kind = branch;
			};
		};
/* End XCRemoteSwiftPackageReference section */

/* Begin XCSwiftPackageProductDependency section */
		A6638F802F1C0FD60047FA8E /* Defaults */ = {
			isa = XCSwiftPackageProductDependency;
			package = A6638F7F2F1C0FD60047FA8E /* XCRemoteSwiftPackageReference "Defaults" */;
			productName = Defaults;
		};
		A66D62E12F44076F00B996E7 /* SMCKit */ = {
			isa = XCSwiftPackageProductDependency;
			package = A6ECE4EC2F39E247007F3EDF /* XCRemoteSwiftPackageReference "SMCKit" */;
			productName = SMCKit;
		};
		F195F982B58740F53BD3914B /* Sparkle */ = {
			isa = XCSwiftPackageProductDependency;
			package = 04050E4B9EEE0749157F347A /* XCRemoteSwiftPackageReference "Sparkle" */;
			productName = Sparkle;
		};
/* End XCSwiftPackageProductDependency section */
	};
	rootObject = A68B3E042F19AB4B00F115E4 /* Project object */;
}
